dependencies:
- name: alloy
  repository: https://grafana.github.io/helm-charts
  version: 0.3.2
- name: alloy
  repository: https://grafana.github.io/helm-charts
  version: 0.3.2
- name: alloy
  repository: https://grafana.github.io/helm-charts
  version: 0.3.2
- name: alloy
  repository: https://grafana.github.io/helm-charts
  version: 0.3.2
- name: kube-state-metrics
  repository: https://prometheus-community.github.io/helm-charts
  version: 5.20.0
- name: prometheus-node-exporter
  repository: https://prometheus-community.github.io/helm-charts
  version: 4.34.0
- name: prometheus-operator-crds
  repository: https://prometheus-community.github.io/helm-charts
  version: 12.0.0
- name: prometheus-windows-exporter
  repository: https://prometheus-community.github.io/helm-charts
  version: 0.3.1
- name: opencost
  repository: https://opencost.github.io/opencost-helm-chart
  version: 1.35.0
- name: kepler
  repository: https://sustainable-computing-io.github.io/kepler-helm-chart
  version: 0.5.6
digest: sha256:eb77102f2ff33bbd7d6773843d4232fa0a2e5b619e81454a5adceb1166414ed7
generated: "2024-06-09T10:04:32.018779-05:00"
